# This file was autogenerated by Stack.
# You should not edit this file by hand.
# For more information, please see the documentation at:
#   https://docs.haskellstack.org/en/stable/lock_files

packages:
- completed:
    subdir: ghc-dump-core
    name: ghc-dump-core
    version: 0.2.1.0
    git: https://github.com/pbrinkmeier/ghc-dump.git
    pantry-tree:
      size: 385
      sha256: 9474c79cb6916ef9c07cf85938696294a9c88e1c2438d708e971e1c76022ba48
    commit: c2b9273e3e9543f1bb127e11d7f4afd4f8a38201
  original:
    subdir: ghc-dump-core
    git: https://github.com/pbrinkmeier/ghc-dump.git
    commit: c2b9273e3e9543f1bb127e11d7f4afd4f8a38201
- completed:
    subdir: ghc-dump-util
    name: ghc-dump-util
    version: 0.2.1.0
    git: https://github.com/pbrinkmeier/ghc-dump.git
    pantry-tree:
      size: 452
      sha256: 0e1f422d8f89410069366080c26ffaa29c41e5ebd8be8c1e0bb3a098299ee648
    commit: c2b9273e3e9543f1bb127e11d7f4afd4f8a38201
  original:
    subdir: ghc-dump-util
    git: https://github.com/pbrinkmeier/ghc-dump.git
    commit: c2b9273e3e9543f1bb127e11d7f4afd4f8a38201
snapshots:
- completed:
    size: 532172
    url: https://raw.githubusercontent.com/commercialhaskell/stackage-snapshots/master/lts/16/18.yaml
    sha256: 4f2a092c6f4869854e8d7435ab98ce5157c641022c3cbfc4c4614ff3db752e62
  original: lts-16.18
